
Microsoft Visual Studio Solution File, Format Version 11.00
# Visual Studio 2010
Project("{FAE04EC0-301F-11D3-BF4B-00C04F79EFBC}") = "TipoSimon-master", "Assembly-CSharp.csproj", "{B80D61EA-90A0-9A71-F9BB-4B0E9ABA29BC}"
EndProject
Project("{FAE04EC0-301F-11D3-BF4B-00C04F79EFBC}") = "TipoSimon-master", "Assembly-CSharp-Editor.csproj", "{4A37980A-742C-2AFF-1904-74D9B14D12B1}"
EndProject
Global
	GlobalSection(SolutionConfigurationPlatforms) = preSolution
		Debug|Any CPU = Debug|Any CPU
		Release|Any CPU = Release|Any CPU
	EndGlobalSection
	GlobalSection(ProjectConfigurationPlatforms) = postSolution
		{B80D61EA-90A0-9A71-F9BB-4B0E9ABA29BC}.Debug|Any CPU.ActiveCfg = Debug|Any CPU
		{B80D61EA-90A0-9A71-F9BB-4B0E9ABA29BC}.Debug|Any CPU.Build.0 = Debug|Any CPU
		{B80D61EA-90A0-9A71-F9BB-4B0E9ABA29BC}.Release|Any CPU.ActiveCfg = Release|Any CPU
		{B80D61EA-90A0-9A71-F9BB-4B0E9ABA29BC}.Release|Any CPU.Build.0 = Release|Any CPU
		{4A37980A-742C-2AFF-1904-74D9B14D12B1}.Debug|Any CPU.ActiveCfg = Debug|Any CPU
		{4A37980A-742C-2AFF-1904-74D9B14D12B1}.Debug|Any CPU.Build.0 = Debug|Any CPU
		{4A37980A-742C-2AFF-1904-74D9B14D12B1}.Release|Any CPU.ActiveCfg = Release|Any CPU
		{4A37980A-742C-2AFF-1904-74D9B14D12B1}.Release|Any CPU.Build.0 = Release|Any CPU
	EndGlobalSection
	GlobalSection(SolutionProperties) = preSolution
		HideSolutionNode = FALSE
	EndGlobalSection
	GlobalSection(MonoDevelopProperties) = preSolution
		StartupItem = Assembly-CSharp.csproj
	EndGlobalSection
EndGlobal
